
Microsoft Visual Studio Solution File, Format Version 12.00
# Visual Studio Version 17
VisualStudioVersion = 17.12.35521.163 d17.12
MinimumVisualStudioVersion = 10.0.40219.1
Project("{FAE04EC0-301F-11D3-BF4B-00C04F79EFBC}") = "OrderManagementApp", "OrderManagementApp\OrderManagementApp.csproj", "{84ECDA51-1F0D-4707-92F3-496D4BA88B8F}"
EndProject
Global
	GlobalSection(SolutionConfigurationPlatforms) = preSolution
		Debug|Any CPU = Debug|Any CPU
		Release|Any CPU = Release|Any CPU
	EndGlobalSection
	GlobalSection(ProjectConfigurationPlatforms) = postSolution
		{84ECDA51-1F0D-4707-92F3-496D4BA88B8F}.Debug|Any CPU.ActiveCfg = Debug|Any CPU
		{84ECDA51-1F0D-4707-92F3-496D4BA88B8F}.Debug|Any CPU.Build.0 = Debug|Any CPU
		{84ECDA51-1F0D-4707-92F3-496D4BA88B8F}.Release|Any CPU.ActiveCfg = Release|Any CPU
		{84ECDA51-1F0D-4707-92F3-496D4BA88B8F}.Release|Any CPU.Build.0 = Release|Any CPU
	EndGlobalSection
	GlobalSection(SolutionProperties) = preSolution
		HideSolutionNode = FALSE
	EndGlobalSection
EndGlobal
